Microsoft Visual Studio Solution File, Format Version 12.00
# Visual Studio Version 17
VisualStudioVersion = 17.5.2.0
MinimumVisualStudioVersion = 10.0.40219.1
Project("{FAE04EC0-301F-11D3-BF4B-00C04F79EFBC}") = "TaskScheduller", "TaskScheduller.csproj", "{19301288-C91E-F773-F778-99A95C7810A4}"
EndProject
Global
	GlobalSection(SolutionConfigurationPlatforms) = preSolution
		Debug|Any CPU = Debug|Any CPU
		Release|Any CPU = Release|Any CPU
	EndGlobalSection
	GlobalSection(ProjectConfigurationPlatforms) = postSolution
		{19301288-C91E-F773-F778-99A95C7810A4}.Debug|Any CPU.ActiveCfg = Debug|Any CPU
		{19301288-C91E-F773-F778-99A95C7810A4}.Debug|Any CPU.Build.0 = Debug|Any CPU
		{19301288-C91E-F773-F778-99A95C7810A4}.Release|Any CPU.ActiveCfg = Release|Any CPU
		{19301288-C91E-F773-F778-99A95C7810A4}.Release|Any CPU.Build.0 = Release|Any CPU
	EndGlobalSection
	GlobalSection(SolutionProperties) = preSolution
		HideSolutionNode = FALSE
	EndGlobalSection
	GlobalSection(ExtensibilityGlobals) = postSolution
		SolutionGuid = {23308E43-282B-49B4-B3A3-87E6323939E7}
	EndGlobalSection
EndGlobal
